PODS:
  - RxCocoa (4.1.2):
    - RxSwift (~> 4.0)
  - RxSwift (4.1.2)
  - Swifter (2.1.0)

DEPENDENCIES:
  - RxCocoa (~> 4.1.2)
  - RxSwift (~> 4.1.2)
  - Swifter (from `https://github.com/mattdonnelly/Swifter.git`)

EXTERNAL SOURCES:
  Swifter:
    :git: https://github.com/mattdonnelly/Swifter.git

CHECKOUT OPTIONS:
  Swifter:
    :commit: 1838efdfc04b2deaeaca36b1cdba6b111f11ba98
    :git: https://github.com/mattdonnelly/Swifter.git

SPEC CHECKSUMS:
  RxCocoa: d88ba0f1f6abf040011a9eb4b539324fc426843a
  RxSwift: e49536837d9901277638493ea537394d4b55f570
  Swifter: bbf4ebde56c9f8c13e6c7270bf6841a5f29dfda3

PODFILE CHECKSUM: 3646ad6c484582bb8281269debcb03889b55068c

COCOAPODS: 1.3.1
