// !$*UTF8*$!
{
	archiveVersion = 1;
	classes = {
	};
	objectVersion = 48;
	objects = {

/* Begin PBXBuildFile section */
		244AF7E01EE6132037520D15 /* Pods_TransferTweets.framework in Frameworks */ = {isa = PBXBuildFile; fileRef = FB230607E285E60ACCBCDE1D /* Pods_TransferTweets.framework */; };
		3AD5AA86241EBC7BC9186118 /* Pods_TransferTweetsTests.framework in Frameworks */ = {isa = PBXBuildFile; fileRef = 0C82D405D16F6B6C96831414 /* Pods_TransferTweetsTests.framework */; };
		E2232ED2206B0F6200A13C60 /* FeedService.swift in Sources */ = {isa = PBXBuildFile; fileRef = E2232ED1206B0F6200A13C60 /* FeedService.swift */; };
		E2232ED4206B206F00A13C60 /* UserDto.swift in Sources */ = {isa = PBXBuildFile; fileRef = E2232ED3206B206F00A13C60 /* UserDto.swift */; };
		E2232ED6206B23B700A13C60 /* TweetDto.swift in Sources */ = {isa = PBXBuildFile; fileRef = E2232ED5206B23B700A13C60 /* TweetDto.swift */; };
		E2232EE0206B2A6B00A13C60 /* ParseError.swift in Sources */ = {isa = PBXBuildFile; fileRef = E2232EDF206B2A6B00A13C60 /* ParseError.swift */; };
		E2232EE2206B2AEF00A13C60 /* DateExtension.swift in Sources */ = {isa = PBXBuildFile; fileRef = E2232EE1206B2AEF00A13C60 /* DateExtension.swift */; };
		E2232EE6206B321F00A13C60 /* TweetCollectionViewCell.swift in Sources */ = {isa = PBXBuildFile; fileRef = E2232EE4206B321F00A13C60 /* TweetCollectionViewCell.swift */; };
		E2232EE7206B321F00A13C60 /* TweetCollectionViewCell.xib in Resources */ = {isa = PBXBuildFile; fileRef = E2232EE5206B321F00A13C60 /* TweetCollectionViewCell.xib */; };
		E2232EEA206B325800A13C60 /* ErrorPresenter.swift in Sources */ = {isa = PBXBuildFile; fileRef = E2232EE9206B325800A13C60 /* ErrorPresenter.swift */; };
		E2232EEC206B326C00A13C60 /* ExternalProtocol.swift in Sources */ = {isa = PBXBuildFile; fileRef = E2232EEB206B326C00A13C60 /* ExternalProtocol.swift */; };
		E2232EEE206B336100A13C60 /* UIEdgeInsettsExtension.swift in Sources */ = {isa = PBXBuildFile; fileRef = E2232EED206B336100A13C60 /* UIEdgeInsettsExtension.swift */; };
		E2232EF0206B37B000A13C60 /* Tweet.swift in Sources */ = {isa = PBXBuildFile; fileRef = E2232EEF206B37B000A13C60 /* Tweet.swift */; };
		E2232EF2206B3CA100A13C60 /* TwitterConsumerInfo.swift in Sources */ = {isa = PBXBuildFile; fileRef = E2232EF1206B3CA100A13C60 /* TwitterConsumerInfo.swift */; };
		E23D98752069AB9E008640C6 /* AuthViewController.swift in Sources */ = {isa = PBXBuildFile; fileRef = E23D98732069AB9E008640C6 /* AuthViewController.swift */; };
		E23D98762069AB9E008640C6 /* AuthViewController.xib in Resources */ = {isa = PBXBuildFile; fileRef = E23D98742069AB9E008640C6 /* AuthViewController.xib */; };
		E23D987B206A125D008640C6 /* AppCoordinator.swift in Sources */ = {isa = PBXBuildFile; fileRef = E23D987A206A125D008640C6 /* AppCoordinator.swift */; };
		E23D987E206A1293008640C6 /* AuthCoordinator.swift in Sources */ = {isa = PBXBuildFile; fileRef = E23D987D206A1293008640C6 /* AuthCoordinator.swift */; };
		E23D9880206A138A008640C6 /* Coordinator.swift in Sources */ = {isa = PBXBuildFile; fileRef = E23D987F206A138A008640C6 /* Coordinator.swift */; };
		E23D9882206A15D3008640C6 /* TwitterAuthViewModel.swift in Sources */ = {isa = PBXBuildFile; fileRef = E23D9881206A15D3008640C6 /* TwitterAuthViewModel.swift */; };
		E23D9885206AFBDE008640C6 /* OauthAccessToken.swift in Sources */ = {isa = PBXBuildFile; fileRef = E23D9884206AFBDE008640C6 /* OauthAccessToken.swift */; };
		E23D9888206AFF7B008640C6 /* AuthError.swift in Sources */ = {isa = PBXBuildFile; fileRef = E23D9887206AFF7B008640C6 /* AuthError.swift */; };
		E23D988B206B0059008640C6 /* StringExtensions.swift in Sources */ = {isa = PBXBuildFile; fileRef = E23D988A206B0059008640C6 /* StringExtensions.swift */; };
		E23D988F206B00F1008640C6 /* Localizable.strings in Resources */ = {isa = PBXBuildFile; fileRef = E23D9891206B00F1008640C6 /* Localizable.strings */; };
		E23D9895206B0298008640C6 /* TokenManager.swift in Sources */ = {isa = PBXBuildFile; fileRef = E23D9894206B0298008640C6 /* TokenManager.swift */; };
		E23D9897206B047F008640C6 /* TwitterTokenManager.swift in Sources */ = {isa = PBXBuildFile; fileRef = E23D9896206B047F008640C6 /* TwitterTokenManager.swift */; };
		E23D9899206B0894008640C6 /* FeedCoordinator.swift in Sources */ = {isa = PBXBuildFile; fileRef = E23D9898206B0894008640C6 /* FeedCoordinator.swift */; };
		E23D989C206B0C9C008640C6 /* FeedViewModel.swift in Sources */ = {isa = PBXBuildFile; fileRef = E23D989B206B0C9C008640C6 /* FeedViewModel.swift */; };
		E23D98A1206B0D06008640C6 /* FeedViewController.swift in Sources */ = {isa = PBXBuildFile; fileRef = E23D989F206B0D06008640C6 /* FeedViewController.swift */; };
		E23D98A2206B0D06008640C6 /* FeedViewController.xib in Resources */ = {isa = PBXBuildFile; fileRef = E23D98A0206B0D06008640C6 /* FeedViewController.xib */; };
		E2539DFC2067A5F20005CF48 /* AppDelegate.swift in Sources */ = {isa = PBXBuildFile; fileRef = E2539DFB2067A5F20005CF48 /* AppDelegate.swift */; };
		E2539E032067A5F30005CF48 /* Assets.xcassets in Resources */ = {isa = PBXBuildFile; fileRef = E2539E022067A5F30005CF48 /* Assets.xcassets */; };
		E2539E062067A5F30005CF48 /* LaunchScreen.storyboard in Resources */ = {isa = PBXBuildFile; fileRef = E2539E042067A5F30005CF48 /* LaunchScreen.storyboard */; };
		E2539E112067A5F30005CF48 /* TransferTweetsTests.swift in Sources */ = {isa = PBXBuildFile; fileRef = E2539E102067A5F30005CF48 /* TransferTweetsTests.swift */; };
		E2539E1E20686C110005CF48 /* AuthService.swift in Sources */ = {isa = PBXBuildFile; fileRef = E2539E1D20686C110005CF48 /* AuthService.swift */; };
/* End PBXBuildFile section */

/* Begin PBXContainerItemProxy section */
		E2539E0D2067A5F30005CF48 /* PBXContainerItemProxy */ = {
			isa = PBXContainerItemProxy;
			containerPortal = E2539DF02067A5F20005CF48 /* Project object */;
			proxyType = 1;
			remoteGlobalIDString = E2539DF72067A5F20005CF48;
			remoteInfo = TransferTweets;
		};
/* End PBXContainerItemProxy section */

/* Begin PBXFileReference section */
		0C82D405D16F6B6C96831414 /* Pods_TransferTweetsTests.framework */ = {isa = PBXFileReference; explicitFileType = wrapper.framework; includeInIndex = 0; path = Pods_TransferTweetsTests.framework; sourceTree = BUILT_PRODUCTS_DIR; };
		484087C0E8A6ED152B81B3BA /* Pods-TransferTweets.debug.xcconfig */ = {isa = PBXFileReference; includeInIndex = 1; lastKnownFileType = text.xcconfig; name = "Pods-TransferTweets.debug.xcconfig"; path = "Pods/Target Support Files/Pods-TransferTweets/Pods-TransferTweets.debug.xcconfig"; sourceTree = "<group>"; };
		6243BE3DC7A256646579474C /* Pods-TransferTweets.release.xcconfig */ = {isa = PBXFileReference; includeInIndex = 1; lastKnownFileType = text.xcconfig; name = "Pods-TransferTweets.release.xcconfig"; path = "Pods/Target Support Files/Pods-TransferTweets/Pods-TransferTweets.release.xcconfig"; sourceTree = "<group>"; };
		89B135125E6426FB43DDA99B /* Pods-TransferTweetsTests.release.xcconfig */ = {isa = PBXFileReference; includeInIndex = 1; lastKnownFileType = text.xcconfig; name = "Pods-TransferTweetsTests.release.xcconfig"; path = "Pods/Target Support Files/Pods-TransferTweetsTests/Pods-TransferTweetsTests.release.xcconfig"; sourceTree = "<group>"; };
		BB2FBEB4C5D1CFC1D83081A5 /* Pods-TransferTweetsTests.debug.xcconfig */ = {isa = PBXFileReference; includeInIndex = 1; lastKnownFileType = text.xcconfig; name = "Pods-TransferTweetsTests.debug.xcconfig"; path = "Pods/Target Support Files/Pods-TransferTweetsTests/Pods-TransferTweetsTests.debug.xcconfig"; sourceTree = "<group>"; };
		E2232ED1206B0F6200A13C60 /* FeedService.swift */ = {isa = PBXFileReference; lastKnownFileType = sourcecode.swift; path = FeedService.swift; sourceTree = "<group>"; };
		E2232ED3206B206F00A13C60 /* UserDto.swift */ = {isa = PBXFileReference; lastKnownFileType = sourcecode.swift; path = UserDto.swift; sourceTree = "<group>"; };
		E2232ED5206B23B700A13C60 /* TweetDto.swift */ = {isa = PBXFileReference; lastKnownFileType = sourcecode.swift; path = TweetDto.swift; sourceTree = "<group>"; };
		E2232EDF206B2A6B00A13C60 /* ParseError.swift */ = {isa = PBXFileReference; lastKnownFileType = sourcecode.swift; path = ParseError.swift; sourceTree = "<group>"; };
		E2232EE1206B2AEF00A13C60 /* DateExtension.swift */ = {isa = PBXFileReference; lastKnownFileType = sourcecode.swift; path = DateExtension.swift; sourceTree = "<group>"; };
		E2232EE4206B321F00A13C60 /* TweetCollectionViewCell.swift */ = {isa = PBXFileReference; lastKnownFileType = sourcecode.swift; path = TweetCollectionViewCell.swift; sourceTree = "<group>"; };
		E2232EE5206B321F00A13C60 /* TweetCollectionViewCell.xib */ = {isa = PBXFileReference; lastKnownFileType = file.xib; path = TweetCollectionViewCell.xib; sourceTree = "<group>"; };
		E2232EE9206B325800A13C60 /* ErrorPresenter.swift */ = {isa = PBXFileReference; lastKnownFileType = sourcecode.swift; path = ErrorPresenter.swift; sourceTree = "<group>"; };
		E2232EEB206B326C00A13C60 /* ExternalProtocol.swift */ = {isa = PBXFileReference; lastKnownFileType = sourcecode.swift; path = ExternalProtocol.swift; sourceTree = "<group>"; };
		E2232EED206B336100A13C60 /* UIEdgeInsettsExtension.swift */ = {isa = PBXFileReference; lastKnownFileType = sourcecode.swift; path = UIEdgeInsettsExtension.swift; sourceTree = "<group>"; };
		E2232EEF206B37B000A13C60 /* Tweet.swift */ = {isa = PBXFileReference; lastKnownFileType = sourcecode.swift; path = Tweet.swift; sourceTree = "<group>"; };
		E2232EF1206B3CA100A13C60 /* TwitterConsumerInfo.swift */ = {isa = PBXFileReference; lastKnownFileType = sourcecode.swift; path = TwitterConsumerInfo.swift; sourceTree = "<group>"; };
		E23D98732069AB9E008640C6 /* AuthViewController.swift */ = {isa = PBXFileReference; lastKnownFileType = sourcecode.swift; path = AuthViewController.swift; sourceTree = "<group>"; };
		E23D98742069AB9E008640C6 /* AuthViewController.xib */ = {isa = PBXFileReference; lastKnownFileType = file.xib; path = AuthViewController.xib; sourceTree = "<group>"; };
		E23D987A206A125D008640C6 /* AppCoordinator.swift */ = {isa = PBXFileReference; lastKnownFileType = sourcecode.swift; path = AppCoordinator.swift; sourceTree = "<group>"; };
		E23D987D206A1293008640C6 /* AuthCoordinator.swift */ = {isa = PBXFileReference; lastKnownFileType = sourcecode.swift; path = AuthCoordinator.swift; sourceTree = "<group>"; };
		E23D987F206A138A008640C6 /* Coordinator.swift */ = {isa = PBXFileReference; lastKnownFileType = sourcecode.swift; path = Coordinator.swift; sourceTree = "<group>"; };
		E23D9881206A15D3008640C6 /* TwitterAuthViewModel.swift */ = {isa = PBXFileReference; lastKnownFileType = sourcecode.swift; path = TwitterAuthViewModel.swift; sourceTree = "<group>"; };
		E23D9884206AFBDE008640C6 /* OauthAccessToken.swift */ = {isa = PBXFileReference; lastKnownFileType = sourcecode.swift; path = OauthAccessToken.swift; sourceTree = "<group>"; };
		E23D9887206AFF7B008640C6 /* AuthError.swift */ = {isa = PBXFileReference; lastKnownFileType = sourcecode.swift; path = AuthError.swift; sourceTree = "<group>"; };
		E23D988A206B0059008640C6 /* StringExtensions.swift */ = {isa = PBXFileReference; lastKnownFileType = sourcecode.swift; path = StringExtensions.swift; sourceTree = "<group>"; };
		E23D9890206B00F1008640C6 /* en */ = {isa = PBXFileReference; lastKnownFileType = text.plist.strings; name = en; path = en.lproj/Localizable.strings; sourceTree = "<group>"; };
		E23D9894206B0298008640C6 /* TokenManager.swift */ = {isa = PBXFileReference; lastKnownFileType = sourcecode.swift; path = TokenManager.swift; sourceTree = "<group>"; };
		E23D9896206B047F008640C6 /* TwitterTokenManager.swift */ = {isa = PBXFileReference; lastKnownFileType = sourcecode.swift; path = TwitterTokenManager.swift; sourceTree = "<group>"; };
		E23D9898206B0894008640C6 /* FeedCoordinator.swift */ = {isa = PBXFileReference; lastKnownFileType = sourcecode.swift; path = FeedCoordinator.swift; sourceTree = "<group>"; };
		E23D989B206B0C9C008640C6 /* FeedViewModel.swift */ = {isa = PBXFileReference; lastKnownFileType = sourcecode.swift; path = FeedViewModel.swift; sourceTree = "<group>"; };
		E23D989F206B0D06008640C6 /* FeedViewController.swift */ = {isa = PBXFileReference; lastKnownFileType = sourcecode.swift; path = FeedViewController.swift; sourceTree = "<group>"; };
		E23D98A0206B0D06008640C6 /* FeedViewController.xib */ = {isa = PBXFileReference; lastKnownFileType = file.xib; path = FeedViewController.xib; sourceTree = "<group>"; };
		E2539DF82067A5F20005CF48 /* TransferTweets.app */ = {isa = PBXFileReference; explicitFileType = wrapper.application; includeInIndex = 0; path = TransferTweets.app; sourceTree = BUILT_PRODUCTS_DIR; };
		E2539DFB2067A5F20005CF48 /* AppDelegate.swift */ = {isa = PBXFileReference; lastKnownFileType = sourcecode.swift; path = AppDelegate.swift; sourceTree = "<group>"; };
		E2539E022067A5F30005CF48 /* Assets.xcassets */ = {isa = PBXFileReference; lastKnownFileType = folder.assetcatalog; path = Assets.xcassets; sourceTree = "<group>"; };
		E2539E052067A5F30005CF48 /* Base */ = {isa = PBXFileReference; lastKnownFileType = file.storyboard; name = Base; path = Base.lproj/LaunchScreen.storyboard; sourceTree = "<group>"; };
		E2539E072067A5F30005CF48 /* Info.plist */ = {isa = PBXFileReference; lastKnownFileType = text.plist.xml; path = Info.plist; sourceTree = "<group>"; };
		E2539E0C2067A5F30005CF48 /* TransferTweetsTests.xctest */ = {isa = PBXFileReference; explicitFileType = wrapper.cfbundle; includeInIndex = 0; path = TransferTweetsTests.xctest; sourceTree = BUILT_PRODUCTS_DIR; };
		E2539E102067A5F30005CF48 /* TransferTweetsTests.swift */ = {isa = PBXFileReference; lastKnownFileType = sourcecode.swift; path = TransferTweetsTests.swift; sourceTree = "<group>"; };
		E2539E122067A5F30005CF48 /* Info.plist */ = {isa = PBXFileReference; lastKnownFileType = text.plist.xml; path = Info.plist; sourceTree = "<group>"; };
		E2539E1D20686C110005CF48 /* AuthService.swift */ = {isa = PBXFileReference; lastKnownFileType = sourcecode.swift; path = AuthService.swift; sourceTree = "<group>"; };
		FB230607E285E60ACCBCDE1D /* Pods_TransferTweets.framework */ = {isa = PBXFileReference; explicitFileType = wrapper.framework; includeInIndex = 0; path = Pods_TransferTweets.framework; sourceTree = BUILT_PRODUCTS_DIR; };
/* End PBXFileReference section */

/* Begin PBXFrameworksBuildPhase section */
		E2539DF52067A5F20005CF48 /* Frameworks */ = {
			isa = PBXFrameworksBuildPhase;
			buildActionMask = 2147483647;
			files = (
				244AF7E01EE6132037520D15 /* Pods_TransferTweets.framework in Frameworks */,
			);
			runOnlyForDeploymentPostprocessing = 0;
		};
		E2539E092067A5F30005CF48 /* Frameworks */ = {
			isa = PBXFrameworksBuildPhase;
			buildActionMask = 2147483647;
			files = (
				3AD5AA86241EBC7BC9186118 /* Pods_TransferTweetsTests.framework in Frameworks */,
			);
			runOnlyForDeploymentPostprocessing = 0;
		};
/* End PBXFrameworksBuildPhase section */

/* Begin PBXGroup section */
		3FFAA39956CB77F31203330F /* Pods */ = {
			isa = PBXGroup;
			children = (
				484087C0E8A6ED152B81B3BA /* Pods-TransferTweets.debug.xcconfig */,
				6243BE3DC7A256646579474C /* Pods-TransferTweets.release.xcconfig */,
				BB2FBEB4C5D1CFC1D83081A5 /* Pods-TransferTweetsTests.debug.xcconfig */,
				89B135125E6426FB43DDA99B /* Pods-TransferTweetsTests.release.xcconfig */,
			);
			name = Pods;
			sourceTree = "<group>";
		};
		E2232EE3206B320600A13C60 /* Cell */ = {
			isa = PBXGroup;
			children = (
				E2232EE4206B321F00A13C60 /* TweetCollectionViewCell.swift */,
				E2232EE5206B321F00A13C60 /* TweetCollectionViewCell.xib */,
			);
			path = Cell;
			sourceTree = "<group>";
		};
		E2232EE8206B324900A13C60 /* Protocols */ = {
			isa = PBXGroup;
			children = (
				E2232EE9206B325800A13C60 /* ErrorPresenter.swift */,
				E2232EEB206B326C00A13C60 /* ExternalProtocol.swift */,
			);
			path = Protocols;
			sourceTree = "<group>";
		};
		E23D98712069A814008640C6 /* UI */ = {
			isa = PBXGroup;
			children = (
				E2232EE8206B324900A13C60 /* Protocols */,
				E23D98722069AB82008640C6 /* Auth */,
				E23D989A206B0C89008640C6 /* Feed */,
			);
			path = UI;
			sourceTree = "<group>";
		};
		E23D98722069AB82008640C6 /* Auth */ = {
			isa = PBXGroup;
			children = (
				E23D98782069ABC0008640C6 /* ViewModel */,
				E23D98772069ABB0008640C6 /* ViewController */,
			);
			path = Auth;
			sourceTree = "<group>";
		};
		E23D98772069ABB0008640C6 /* ViewController */ = {
			isa = PBXGroup;
			children = (
				E23D98732069AB9E008640C6 /* AuthViewController.swift */,
				E23D98742069AB9E008640C6 /* AuthViewController.xib */,
			);
			path = ViewController;
			sourceTree = "<group>";
		};
		E23D98782069ABC0008640C6 /* ViewModel */ = {
			isa = PBXGroup;
			children = (
				E23D9881206A15D3008640C6 /* TwitterAuthViewModel.swift */,
			);
			path = ViewModel;
			sourceTree = "<group>";
		};
		E23D9879206A122B008640C6 /* Routing */ = {
			isa = PBXGroup;
			children = (
				E23D987F206A138A008640C6 /* Coordinator.swift */,
				E23D987A206A125D008640C6 /* AppCoordinator.swift */,
				E23D987D206A1293008640C6 /* AuthCoordinator.swift */,
				E23D9898206B0894008640C6 /* FeedCoordinator.swift */,
			);
			path = Routing;
			sourceTree = "<group>";
		};
		E23D9883206AFBD1008640C6 /* Models */ = {
			isa = PBXGroup;
			children = (
				E2232ED5206B23B700A13C60 /* TweetDto.swift */,
				E2232ED3206B206F00A13C60 /* UserDto.swift */,
			);
			path = Models;
			sourceTree = "<group>";
		};
		E23D9886206AFF69008640C6 /* Errors */ = {
			isa = PBXGroup;
			children = (
				E23D9887206AFF7B008640C6 /* AuthError.swift */,
				E2232EDF206B2A6B00A13C60 /* ParseError.swift */,
			);
			path = Errors;
			sourceTree = "<group>";
		};
		E23D9889206B0043008640C6 /* Extensions */ = {
			isa = PBXGroup;
			children = (
				E23D988A206B0059008640C6 /* StringExtensions.swift */,
				E2232EE1206B2AEF00A13C60 /* DateExtension.swift */,
				E2232EED206B336100A13C60 /* UIEdgeInsettsExtension.swift */,
			);
			path = Extensions;
			sourceTree = "<group>";
		};
		E23D988C206B007D008640C6 /* Resources */ = {
			isa = PBXGroup;
			children = (
				E2539E022067A5F30005CF48 /* Assets.xcassets */,
				E2539E042067A5F30005CF48 /* LaunchScreen.storyboard */,
				E23D9891206B00F1008640C6 /* Localizable.strings */,
				E2232EF1206B3CA100A13C60 /* TwitterConsumerInfo.swift */,
			);
			path = Resources;
			sourceTree = "<group>";
		};
		E23D9893206B0281008640C6 /* Managers */ = {
			isa = PBXGroup;
			children = (
				E23D9884206AFBDE008640C6 /* OauthAccessToken.swift */,
				E23D9894206B0298008640C6 /* TokenManager.swift */,
				E23D9896206B047F008640C6 /* TwitterTokenManager.swift */,
			);
			path = Managers;
			sourceTree = "<group>";
		};
		E23D989A206B0C89008640C6 /* Feed */ = {
			isa = PBXGroup;
			children = (
				E2232EE3206B320600A13C60 /* Cell */,
				E23D989D206B0CBD008640C6 /* ViewModels */,
				E23D989E206B0CC7008640C6 /* ViewController */,
			);
			path = Feed;
			sourceTree = "<group>";
		};
		E23D989D206B0CBD008640C6 /* ViewModels */ = {
			isa = PBXGroup;
			children = (
				E23D989B206B0C9C008640C6 /* FeedViewModel.swift */,
				E2232EEF206B37B000A13C60 /* Tweet.swift */,
			);
			path = ViewModels;
			sourceTree = "<group>";
		};
		E23D989E206B0CC7008640C6 /* ViewController */ = {
			isa = PBXGroup;
			children = (
				E23D989F206B0D06008640C6 /* FeedViewController.swift */,
				E23D98A0206B0D06008640C6 /* FeedViewController.xib */,
			);
			path = ViewController;
			sourceTree = "<group>";
		};
		E2539DEF2067A5F20005CF48 = {
			isa = PBXGroup;
			children = (
				E2539DFA2067A5F20005CF48 /* TransferTweets */,
				E2539E0F2067A5F30005CF48 /* TransferTweetsTests */,
				E2539DF92067A5F20005CF48 /* Products */,
				3FFAA39956CB77F31203330F /* Pods */,
				F493FD6FE2D613AA482736C0 /* Frameworks */,
			);
			sourceTree = "<group>";
		};
		E2539DF92067A5F20005CF48 /* Products */ = {
			isa = PBXGroup;
			children = (
				E2539DF82067A5F20005CF48 /* TransferTweets.app */,
				E2539E0C2067A5F30005CF48 /* TransferTweetsTests.xctest */,
			);
			name = Products;
			sourceTree = "<group>";
		};
		E2539DFA2067A5F20005CF48 /* TransferTweets */ = {
			isa = PBXGroup;
			children = (
				E2539E072067A5F30005CF48 /* Info.plist */,
				E2539DFB2067A5F20005CF48 /* AppDelegate.swift */,
				E23D9879206A122B008640C6 /* Routing */,
				E2539E1B20686BF80005CF48 /* Networking */,
				E23D9893206B0281008640C6 /* Managers */,
				E23D98712069A814008640C6 /* UI */,
				E23D9886206AFF69008640C6 /* Errors */,
				E23D9889206B0043008640C6 /* Extensions */,
				E23D988C206B007D008640C6 /* Resources */,
			);
			path = TransferTweets;
			sourceTree = "<group>";
		};
		E2539E0F2067A5F30005CF48 /* TransferTweetsTests */ = {
			isa = PBXGroup;
			children = (
				E2539E102067A5F30005CF48 /* TransferTweetsTests.swift */,
				E2539E122067A5F30005CF48 /* Info.plist */,
			);
			path = TransferTweetsTests;
			sourceTree = "<group>";
		};
		E2539E1B20686BF80005CF48 /* Networking */ = {
			isa = PBXGroup;
			children = (
				E23D9883206AFBD1008640C6 /* Models */,
				E2539E1C20686C040005CF48 /* Services */,
			);
			path = Networking;
			sourceTree = "<group>";
		};
		E2539E1C20686C040005CF48 /* Services */ = {
			isa = PBXGroup;
			children = (
				E2539E1D20686C110005CF48 /* AuthService.swift */,
				E2232ED1206B0F6200A13C60 /* FeedService.swift */,
			);
			path = Services;
			sourceTree = "<group>";
		};
		F493FD6FE2D613AA482736C0 /* Frameworks */ = {
			isa = PBXGroup;
			children = (
				FB230607E285E60ACCBCDE1D /* Pods_TransferTweets.framework */,
				0C82D405D16F6B6C96831414 /* Pods_TransferTweetsTests.framework */,
			);
			name = Frameworks;
			sourceTree = "<group>";
		};
/* End PBXGroup section */

/* Begin PBXNativeTarget section */
		E2539DF72067A5F20005CF48 /* TransferTweets */ = {
			isa = PBXNativeTarget;
			buildConfigurationList = E2539E152067A5F30005CF48 /* Build configuration list for PBXNativeTarget "TransferTweets" */;
			buildPhases = (
				0F5EB66CC7EBB6C1917428F3 /* [CP] Check Pods Manifest.lock */,
				E2539DF42067A5F20005CF48 /* Sources */,
				E2539DF52067A5F20005CF48 /* Frameworks */,
				E2539DF62067A5F20005CF48 /* Resources */,
				AFB16A02FFB7F2499E560418 /* [CP] Embed Pods Frameworks */,
				7883AD73B704EC9F68B0A0F0 /* [CP] Copy Pods Resources */,
			);
			buildRules = (
			);
			dependencies = (
			);
			name = TransferTweets;
			productName = TransferTweets;
			productReference = E2539DF82067A5F20005CF48 /* TransferTweets.app */;
			productType = "com.apple.product-type.application";
		};
		E2539E0B2067A5F30005CF48 /* TransferTweetsTests */ = {
			isa = PBXNativeTarget;
			buildConfigurationList = E2539E182067A5F30005CF48 /* Build configuration list for PBXNativeTarget "TransferTweetsTests" */;
			buildPhases = (
				16F7608D0A83A78FD80C1686 /* [CP] Check Pods Manifest.lock */,
				E2539E082067A5F30005CF48 /* Sources */,
				E2539E092067A5F30005CF48 /* Frameworks */,
				E2539E0A2067A5F30005CF48 /* Resources */,
				639998001F7B97CFA5407AC1 /* [CP] Embed Pods Frameworks */,
				2C65FFDED361FE44EC7D4EB4 /* [CP] Copy Pods Resources */,
			);
			buildRules = (
			);
			dependencies = (
				E2539E0E2067A5F30005CF48 /* PBXTargetDependency */,
			);
			name = TransferTweetsTests;
			productName = TransferTweetsTests;
			productReference = E2539E0C2067A5F30005CF48 /* TransferTweetsTests.xctest */;
			productType = "com.apple.product-type.bundle.unit-test";
		};
/* End PBXNativeTarget section */

/* Begin PBXProject section */
		E2539DF02067A5F20005CF48 /* Project object */ = {
			isa = PBXProject;
			attributes = {
				LastSwiftUpdateCheck = 0920;
				LastUpgradeCheck = 0920;
				ORGANIZATIONNAME = danieltmbr;
				TargetAttributes = {
					E2539DF72067A5F20005CF48 = {
						CreatedOnToolsVersion = 9.2;
						ProvisioningStyle = Automatic;
					};
					E2539E0B2067A5F30005CF48 = {
						CreatedOnToolsVersion = 9.2;
						ProvisioningStyle = Automatic;
						TestTargetID = E2539DF72067A5F20005CF48;
					};
				};
			};
			buildConfigurationList = E2539DF32067A5F20005CF48 /* Build configuration list for PBXProject "TransferTweets" */;
			compatibilityVersion = "Xcode 8.0";
			developmentRegion = en;
			hasScannedForEncodings = 0;
			knownRegions = (
				en,
				Base,
			);
			mainGroup = E2539DEF2067A5F20005CF48;
			productRefGroup = E2539DF92067A5F20005CF48 /* Products */;
			projectDirPath = "";
			projectRoot = "";
			targets = (
				E2539DF72067A5F20005CF48 /* TransferTweets */,
				E2539E0B2067A5F30005CF48 /* TransferTweetsTests */,
			);
		};
/* End PBXProject section */

/* Begin PBXResourcesBuildPhase section */
		E2539DF62067A5F20005CF48 /* Resources */ = {
			isa = PBXResourcesBuildPhase;
			buildActionMask = 2147483647;
			files = (
				E23D98762069AB9E008640C6 /* AuthViewController.xib in Resources */,
				E23D98A2206B0D06008640C6 /* FeedViewController.xib in Resources */,
				E23D988F206B00F1008640C6 /* Localizable.strings in Resources */,
				E2539E062067A5F30005CF48 /* LaunchScreen.storyboard in Resources */,
				E2232EE7206B321F00A13C60 /* TweetCollectionViewCell.xib in Resources */,
				E2539E032067A5F30005CF48 /* Assets.xcassets in Resources */,
			);
			runOnlyForDeploymentPostprocessing = 0;
		};
		E2539E0A2067A5F30005CF48 /* Resources */ = {
			isa = PBXResourcesBuildPhase;
			buildActionMask = 2147483647;
			files = (
			);
			runOnlyForDeploymentPostprocessing = 0;
		};
/* End PBXResourcesBuildPhase section */

/* Begin PBXShellScriptBuildPhase section */
		0F5EB66CC7EBB6C1917428F3 /* [CP] Check Pods Manifest.lock */ = {
			isa = PBXShellScriptBuildPhase;
			buildActionMask = 2147483647;
			files = (
			);
			inputPaths = (
				"${PODS_PODFILE_DIR_PATH}/Podfile.lock",
				"${PODS_ROOT}/Manifest.lock",
			);
			name = "[CP] Check Pods Manifest.lock";
			outputPaths = (
				"$(DERIVED_FILE_DIR)/Pods-TransferTweets-checkManifestLockResult.txt",
			);
			runOnlyForDeploymentPostprocessing = 0;
			shellPath = /bin/sh;
			shellScript = "diff \"${PODS_PODFILE_DIR_PATH}/Podfile.lock\" \"${PODS_ROOT}/Manifest.lock\" > /dev/null\nif [ $? != 0 ] ; then\n    # print error to STDERR\n    echo \"error: The sandbox is not in sync with the Podfile.lock. Run 'pod install' or update your CocoaPods installation.\" >&2\n    exit 1\nfi\n# This output is used by Xcode 'outputs' to avoid re-running this script phase.\necho \"SUCCESS\" > \"${SCRIPT_OUTPUT_FILE_0}\"\n";
			showEnvVarsInLog = 0;
		};
		16F7608D0A83A78FD80C1686 /* [CP] Check Pods Manifest.lock */ = {
			isa = PBXShellScriptBuildPhase;
			buildActionMask = 2147483647;
			files = (
			);
			inputPaths = (
				"${PODS_PODFILE_DIR_PATH}/Podfile.lock",
				"${PODS_ROOT}/Manifest.lock",
			);
			name = "[CP] Check Pods Manifest.lock";
			outputPaths = (
				"$(DERIVED_FILE_DIR)/Pods-TransferTweetsTests-checkManifestLockResult.txt",
			);
			runOnlyForDeploymentPostprocessing = 0;
			shellPath = /bin/sh;
			shellScript = "diff \"${PODS_PODFILE_DIR_PATH}/Podfile.lock\" \"${PODS_ROOT}/Manifest.lock\" > /dev/null\nif [ $? != 0 ] ; then\n    # print error to STDERR\n    echo \"error: The sandbox is not in sync with the Podfile.lock. Run 'pod install' or update your CocoaPods installation.\" >&2\n    exit 1\nfi\n# This output is used by Xcode 'outputs' to avoid re-running this script phase.\necho \"SUCCESS\" > \"${SCRIPT_OUTPUT_FILE_0}\"\n";
			showEnvVarsInLog = 0;
		};
		2C65FFDED361FE44EC7D4EB4 /* [CP] Copy Pods Resources */ = {
			isa = PBXShellScriptBuildPhase;
			buildActionMask = 2147483647;
			files = (
			);
			inputPaths = (
			);
			name = "[CP] Copy Pods Resources";
			outputPaths = (
			);
			runOnlyForDeploymentPostprocessing = 0;
			shellPath = /bin/sh;
			shellScript = "\"${SRCROOT}/Pods/Target Support Files/Pods-TransferTweetsTests/Pods-TransferTweetsTests-resources.sh\"\n";
			showEnvVarsInLog = 0;
		};
		639998001F7B97CFA5407AC1 /* [CP] Embed Pods Frameworks */ = {
			isa = PBXShellScriptBuildPhase;
			buildActionMask = 2147483647;
			files = (
			);
			inputPaths = (
			);
			name = "[CP] Embed Pods Frameworks";
			outputPaths = (
			);
			runOnlyForDeploymentPostprocessing = 0;
			shellPath = /bin/sh;
			shellScript = "\"${SRCROOT}/Pods/Target Support Files/Pods-TransferTweetsTests/Pods-TransferTweetsTests-frameworks.sh\"\n";
			showEnvVarsInLog = 0;
		};
		7883AD73B704EC9F68B0A0F0 /* [CP] Copy Pods Resources */ = {
			isa = PBXShellScriptBuildPhase;
			buildActionMask = 2147483647;
			files = (
			);
			inputPaths = (
			);
			name = "[CP] Copy Pods Resources";
			outputPaths = (
			);
			runOnlyForDeploymentPostprocessing = 0;
			shellPath = /bin/sh;
			shellScript = "\"${SRCROOT}/Pods/Target Support Files/Pods-TransferTweets/Pods-TransferTweets-resources.sh\"\n";
			showEnvVarsInLog = 0;
		};
		AFB16A02FFB7F2499E560418 /* [CP] Embed Pods Frameworks */ = {
			isa = PBXShellScriptBuildPhase;
			buildActionMask = 2147483647;
			files = (
			);
			inputPaths = (
				"${SRCROOT}/Pods/Target Support Files/Pods-TransferTweets/Pods-TransferTweets-frameworks.sh",
				"${BUILT_PRODUCTS_DIR}/ActiveLabel/ActiveLabel.framework",
				"${BUILT_PRODUCTS_DIR}/Kingfisher/Kingfisher.framework",
				"${BUILT_PRODUCTS_DIR}/RxCocoa/RxCocoa.framework",
				"${BUILT_PRODUCTS_DIR}/RxSwift/RxSwift.framework",
				"${BUILT_PRODUCTS_DIR}/Swifter/Swifter.framework",
			);
			name = "[CP] Embed Pods Frameworks";
			outputPaths = (
				"${TARGET_BUILD_DIR}/${FRAMEWORKS_FOLDER_PATH}/ActiveLabel.framework",
				"${TARGET_BUILD_DIR}/${FRAMEWORKS_FOLDER_PATH}/Kingfisher.framework",
				"${TARGET_BUILD_DIR}/${FRAMEWORKS_FOLDER_PATH}/RxCocoa.framework",
				"${TARGET_BUILD_DIR}/${FRAMEWORKS_FOLDER_PATH}/RxSwift.framework",
				"${TARGET_BUILD_DIR}/${FRAMEWORKS_FOLDER_PATH}/Swifter.framework",
			);
			runOnlyForDeploymentPostprocessing = 0;
			shellPath = /bin/sh;
			shellScript = "\"${SRCROOT}/Pods/Target Support Files/Pods-TransferTweets/Pods-TransferTweets-frameworks.sh\"\n";
			showEnvVarsInLog = 0;
		};
/* End PBXShellScriptBuildPhase section */

/* Begin PBXSourcesBuildPhase section */
		E2539DF42067A5F20005CF48 /* Sources */ = {
			isa = PBXSourcesBuildPhase;
			buildActionMask = 2147483647;
			files = (
				E23D989C206B0C9C008640C6 /* FeedViewModel.swift in Sources */,
				E2232EE2206B2AEF00A13C60 /* DateExtension.swift in Sources */,
				E2232ED2206B0F6200A13C60 /* FeedService.swift in Sources */,
				E23D9895206B0298008640C6 /* TokenManager.swift in Sources */,
				E23D98752069AB9E008640C6 /* AuthViewController.swift in Sources */,
				E2539E1E20686C110005CF48 /* AuthService.swift in Sources */,
				E23D987B206A125D008640C6 /* AppCoordinator.swift in Sources */,
				E23D9885206AFBDE008640C6 /* OauthAccessToken.swift in Sources */,
				E23D9888206AFF7B008640C6 /* AuthError.swift in Sources */,
				E2232EF2206B3CA100A13C60 /* TwitterConsumerInfo.swift in Sources */,
				E2232EE6206B321F00A13C60 /* TweetCollectionViewCell.swift in Sources */,
				E2232ED4206B206F00A13C60 /* UserDto.swift in Sources */,
				E2232EF0206B37B000A13C60 /* Tweet.swift in Sources */,
				E23D98A1206B0D06008640C6 /* FeedViewController.swift in Sources */,
				E23D988B206B0059008640C6 /* StringExtensions.swift in Sources */,
				E23D9882206A15D3008640C6 /* TwitterAuthViewModel.swift in Sources */,
				E23D987E206A1293008640C6 /* AuthCoordinator.swift in Sources */,
				E2232EEC206B326C00A13C60 /* ExternalProtocol.swift in Sources */,
				E2232EE0206B2A6B00A13C60 /* ParseError.swift in Sources */,
				E2232EEE206B336100A13C60 /* UIEdgeInsettsExtension.swift in Sources */,
				E2232ED6206B23B700A13C60 /* TweetDto.swift in Sources */,
				E2232EEA206B325800A13C60 /* ErrorPresenter.swift in Sources */,
				E23D9899206B0894008640C6 /* FeedCoordinator.swift in Sources */,
				E2539DFC2067A5F20005CF48 /* AppDelegate.swift in Sources */,
				E23D9880206A138A008640C6 /* Coordinator.swift in Sources */,
				E23D9897206B047F008640C6 /* TwitterTokenManager.swift in Sources */,
			);
			runOnlyForDeploymentPostprocessing = 0;
		};
		E2539E082067A5F30005CF48 /* Sources */ = {
			isa = PBXSourcesBuildPhase;
			buildActionMask = 2147483647;
			files = (
				E2539E112067A5F30005CF48 /* TransferTweetsTests.swift in Sources */,
			);
			runOnlyForDeploymentPostprocessing = 0;
		};
/* End PBXSourcesBuildPhase section */

/* Begin PBXTargetDependency section */
		E2539E0E2067A5F30005CF48 /* PBXTargetDependency */ = {
			isa = PBXTargetDependency;
			target = E2539DF72067A5F20005CF48 /* TransferTweets */;
			targetProxy = E2539E0D2067A5F30005CF48 /* PBXContainerItemProxy */;
		};
/* End PBXTargetDependency section */

/* Begin PBXVariantGroup section */
		E23D9891206B00F1008640C6 /* Localizable.strings */ = {
			isa = PBXVariantGroup;
			children = (
				E23D9890206B00F1008640C6 /* en */,
			);
			name = Localizable.strings;
			sourceTree = "<group>";
		};
		E2539E042067A5F30005CF48 /* LaunchScreen.storyboard */ = {
			isa = PBXVariantGroup;
			children = (
				E2539E052067A5F30005CF48 /* Base */,
			);
			name = LaunchScreen.storyboard;
			sourceTree = "<group>";
		};
/* End PBXVariantGroup section */

/* Begin XCBuildConfiguration section */
		E2539E132067A5F30005CF48 /* Debug */ = {
			isa = XCBuildConfiguration;
			buildSettings = {
				ALWAYS_SEARCH_USER_PATHS = NO;
				CLANG_ANALYZER_NONNULL = YES;
				CLANG_ANALYZER_NUMBER_OBJECT_CONVERSION = YES_AGGRESSIVE;
				CLANG_CXX_LANGUAGE_STANDARD = "gnu++14";
				CLANG_CXX_LIBRARY = "libc++";
				CLANG_ENABLE_MODULES = YES;
				CLANG_ENABLE_OBJC_ARC = YES;
				CLANG_WARN_BLOCK_CAPTURE_AUTORELEASING = YES;
				CLANG_WARN_BOOL_CONVERSION = YES;
				CLANG_WARN_COMMA = YES;
				CLANG_WARN_CONSTANT_CONVERSION = YES;
				CLANG_WARN_DIRECT_OBJC_ISA_USAGE = YES_ERROR;
				CLANG_WARN_DOCUMENTATION_COMMENTS = YES;
				CLANG_WARN_EMPTY_BODY = YES;
				CLANG_WARN_ENUM_CONVERSION = YES;
				CLANG_WARN_INFINITE_RECURSION = YES;
				CLANG_WARN_INT_CONVERSION = YES;
				CLANG_WARN_NON_LITERAL_NULL_CONVERSION = YES;
				CLANG_WARN_OBJC_LITERAL_CONVERSION = YES;
				CLANG_WARN_OBJC_ROOT_CLASS = YES_ERROR;
				CLANG_WARN_RANGE_LOOP_ANALYSIS = YES;
				CLANG_WARN_STRICT_PROTOTYPES = YES;
				CLANG_WARN_SUSPICIOUS_MOVE = YES;
				CLANG_WARN_UNGUARDED_AVAILABILITY = YES_AGGRESSIVE;
				CLANG_WARN_UNREACHABLE_CODE = YES;
				CLANG_WARN__DUPLICATE_METHOD_MATCH = YES;
				CODE_SIGN_IDENTITY = "iPhone Developer";
				COPY_PHASE_STRIP = NO;
				DEBUG_INFORMATION_FORMAT = dwarf;
				ENABLE_STRICT_OBJC_MSGSEND = YES;
				ENABLE_TESTABILITY = YES;
				GCC_C_LANGUAGE_STANDARD = gnu11;
				GCC_DYNAMIC_NO_PIC = NO;
				GCC_NO_COMMON_BLOCKS = YES;
				GCC_OPTIMIZATION_LEVEL = 0;
				GCC_PREPROCESSOR_DEFINITIONS = (
					"DEBUG=1",
					"$(inherited)",
				);
				GCC_WARN_64_TO_32_BIT_CONVERSION = YES;
				GCC_WARN_ABOUT_RETURN_TYPE = YES_ERROR;
				GCC_WARN_UNDECLARED_SELECTOR = YES;
				GCC_WARN_UNINITIALIZED_AUTOS = YES_AGGRESSIVE;
				GCC_WARN_UNUSED_FUNCTION = YES;
				GCC_WARN_UNUSED_VARIABLE = YES;
				IPHONEOS_DEPLOYMENT_TARGET = 11.2;
				MTL_ENABLE_DEBUG_INFO = YES;
				ONLY_ACTIVE_ARCH = YES;
				SDKROOT = iphoneos;
				SWIFT_ACTIVE_COMPILATION_CONDITIONS = DEBUG;
				SWIFT_OPTIMIZATION_LEVEL = "-Onone";
			};
			name = Debug;
		};
		E2539E142067A5F30005CF48 /* Release */ = {
			isa = XCBuildConfiguration;
			buildSettings = {
				ALWAYS_SEARCH_USER_PATHS = NO;
				CLANG_ANALYZER_NONNULL = YES;
				CLANG_ANALYZER_NUMBER_OBJECT_CONVERSION = YES_AGGRESSIVE;
				CLANG_CXX_LANGUAGE_STANDARD = "gnu++14";
				CLANG_CXX_LIBRARY = "libc++";
				CLANG_ENABLE_MODULES = YES;
				CLANG_ENABLE_OBJC_ARC = YES;
				CLANG_WARN_BLOCK_CAPTURE_AUTORELEASING = YES;
				CLANG_WARN_BOOL_CONVERSION = YES;
				CLANG_WARN_COMMA = YES;
				CLANG_WARN_CONSTANT_CONVERSION = YES;
				CLANG_WARN_DIRECT_OBJC_ISA_USAGE = YES_ERROR;
				CLANG_WARN_DOCUMENTATION_COMMENTS = YES;
				CLANG_WARN_EMPTY_BODY = YES;
				CLANG_WARN_ENUM_CONVERSION = YES;
				CLANG_WARN_INFINITE_RECURSION = YES;
				CLANG_WARN_INT_CONVERSION = YES;
				CLANG_WARN_NON_LITERAL_NULL_CONVERSION = YES;
				CLANG_WARN_OBJC_LITERAL_CONVERSION = YES;
				CLANG_WARN_OBJC_ROOT_CLASS = YES_ERROR;
				CLANG_WARN_RANGE_LOOP_ANALYSIS = YES;
				CLANG_WARN_STRICT_PROTOTYPES = YES;
				CLANG_WARN_SUSPICIOUS_MOVE = YES;
				CLANG_WARN_UNGUARDED_AVAILABILITY = YES_AGGRESSIVE;
				CLANG_WARN_UNREACHABLE_CODE = YES;
				CLANG_WARN__DUPLICATE_METHOD_MATCH = YES;
				CODE_SIGN_IDENTITY = "iPhone Developer";
				COPY_PHASE_STRIP = NO;
				DEBUG_INFORMATION_FORMAT = "dwarf-with-dsym";
				ENABLE_NS_ASSERTIONS = NO;
				ENABLE_STRICT_OBJC_MSGSEND = YES;
				GCC_C_LANGUAGE_STANDARD = gnu11;
				GCC_NO_COMMON_BLOCKS = YES;
				GCC_WARN_64_TO_32_BIT_CONVERSION = YES;
				GCC_WARN_ABOUT_RETURN_TYPE = YES_ERROR;
				GCC_WARN_UNDECLARED_SELECTOR = YES;
				GCC_WARN_UNINITIALIZED_AUTOS = YES_AGGRESSIVE;
				GCC_WARN_UNUSED_FUNCTION = YES;
				GCC_WARN_UNUSED_VARIABLE = YES;
				IPHONEOS_DEPLOYMENT_TARGET = 11.2;
				MTL_ENABLE_DEBUG_INFO = NO;
				SDKROOT = iphoneos;
				SWIFT_OPTIMIZATION_LEVEL = "-Owholemodule";
				VALIDATE_PRODUCT = YES;
			};
			name = Release;
		};
		E2539E162067A5F30005CF48 /* Debug */ = {
			isa = XCBuildConfiguration;
			baseConfigurationReference = 484087C0E8A6ED152B81B3BA /* Pods-TransferTweets.debug.xcconfig */;
			buildSettings = {
				ASSETCATALOG_COMPILER_APPICON_NAME = AppIcon;
				CODE_SIGN_STYLE = Automatic;
				DEVELOPMENT_TEAM = F6W8CTW858;
				INFOPLIST_FILE = TransferTweets/Info.plist;
				IPHONEOS_DEPLOYMENT_TARGET = 11.0;
				LD_RUNPATH_SEARCH_PATHS = "$(inherited) @executable_path/Frameworks";
				PRODUCT_BUNDLE_IDENTIFIER = hu.tmbr.TransferTweets;
				PRODUCT_NAME = "$(TARGET_NAME)";
				SWIFT_VERSION = 4.0;
				TARGETED_DEVICE_FAMILY = 1;
			};
			name = Debug;
		};
		E2539E172067A5F30005CF48 /* Release */ = {
			isa = XCBuildConfiguration;
			baseConfigurationReference = 6243BE3DC7A256646579474C /* Pods-TransferTweets.release.xcconfig */;
			buildSettings = {
				ASSETCATALOG_COMPILER_APPICON_NAME = AppIcon;
				CODE_SIGN_STYLE = Automatic;
				DEVELOPMENT_TEAM = F6W8CTW858;
				INFOPLIST_FILE = TransferTweets/Info.plist;
				IPHONEOS_DEPLOYMENT_TARGET = 11.0;
				LD_RUNPATH_SEARCH_PATHS = "$(inherited) @executable_path/Frameworks";
				PRODUCT_BUNDLE_IDENTIFIER = hu.tmbr.TransferTweets;
				PRODUCT_NAME = "$(TARGET_NAME)";
				SWIFT_VERSION = 4.0;
				TARGETED_DEVICE_FAMILY = 1;
			};
			name = Release;
		};
		E2539E192067A5F30005CF48 /* Debug */ = {
			isa = XCBuildConfiguration;
			baseConfigurationReference = BB2FBEB4C5D1CFC1D83081A5 /* Pods-TransferTweetsTests.debug.xcconfig */;
			buildSettings = {
				ALWAYS_EMBED_SWIFT_STANDARD_LIBRARIES = YES;
				BUNDLE_LOADER = "$(TEST_HOST)";
				CODE_SIGN_STYLE = Automatic;
				DEVELOPMENT_TEAM = F6W8CTW858;
				INFOPLIST_FILE = TransferTweetsTests/Info.plist;
				LD_RUNPATH_SEARCH_PATHS = "$(inherited) @executable_path/Frameworks @loader_path/Frameworks";
				PRODUCT_BUNDLE_IDENTIFIER = hu.tmbr.TransferTweetsTests;
				PRODUCT_NAME = "$(TARGET_NAME)";
				SWIFT_VERSION = 4.0;
				TARGETED_DEVICE_FAMILY = "1,2";
				TEST_HOST = "$(BUILT_PRODUCTS_DIR)/TransferTweets.app/TransferTweets";
			};
			name = Debug;
		};
		E2539E1A2067A5F30005CF48 /* Release */ = {
			isa = XCBuildConfiguration;
			baseConfigurationReference = 89B135125E6426FB43DDA99B /* Pods-TransferTweetsTests.release.xcconfig */;
			buildSettings = {
				ALWAYS_EMBED_SWIFT_STANDARD_LIBRARIES = YES;
				BUNDLE_LOADER = "$(TEST_HOST)";
				CODE_SIGN_STYLE = Automatic;
				DEVELOPMENT_TEAM = F6W8CTW858;
				INFOPLIST_FILE = TransferTweetsTests/Info.plist;
				LD_RUNPATH_SEARCH_PATHS = "$(inherited) @executable_path/Frameworks @loader_path/Frameworks";
				PRODUCT_BUNDLE_IDENTIFIER = hu.tmbr.TransferTweetsTests;
				PRODUCT_NAME = "$(TARGET_NAME)";
				SWIFT_VERSION = 4.0;
				TARGETED_DEVICE_FAMILY = "1,2";
				TEST_HOST = "$(BUILT_PRODUCTS_DIR)/TransferTweets.app/TransferTweets";
			};
			name = Release;
		};
/* End XCBuildConfiguration section */

/* Begin XCConfigurationList section */
		E2539DF32067A5F20005CF48 /* Build configuration list for PBXProject "TransferTweets" */ = {
			isa = XCConfigurationList;
			buildConfigurations = (
				E2539E132067A5F30005CF48 /* Debug */,
				E2539E142067A5F30005CF48 /* Release */,
			);
			defaultConfigurationIsVisible = 0;
			defaultConfigurationName = Release;
		};
		E2539E152067A5F30005CF48 /* Build configuration list for PBXNativeTarget "TransferTweets" */ = {
			isa = XCConfigurationList;
			buildConfigurations = (
				E2539E162067A5F30005CF48 /* Debug */,
				E2539E172067A5F30005CF48 /* Release */,
			);
			defaultConfigurationIsVisible = 0;
			defaultConfigurationName = Release;
		};
		E2539E182067A5F30005CF48 /* Build configuration list for PBXNativeTarget "TransferTweetsTests" */ = {
			isa = XCConfigurationList;
			buildConfigurations = (
				E2539E192067A5F30005CF48 /* Debug */,
				E2539E1A2067A5F30005CF48 /* Release */,
			);
			defaultConfigurationIsVisible = 0;
			defaultConfigurationName = Release;
		};
/* End XCConfigurationList section */
	};
	rootObject = E2539DF02067A5F20005CF48 /* Project object */;
}
